
Microsoft Visual Studio Solution File, Format Version 12.00
# Visual Studio 15
VisualStudioVersion = 15.0.26403.3
MinimumVisualStudioVersion = 10.0.40219.1
Project("{2150E333-8FDC-42A3-9474-1A3956D46DE8}") = "1-SRP", "1-SRP", "{5677DCF9-2F20-4918-8D6D-3AD1ADFDCF96}"
EndProject
Project("{2150E333-8FDC-42A3-9474-1A3956D46DE8}") = "1.1-Violação", "1.1-Violação", "{58F5BE07-0FA1-4936-91F5-122CC153FB0B}"
EndProject
Project("{2150E333-8FDC-42A3-9474-1A3956D46DE8}") = "1.2-Solução", "1.2-Solução", "{91FBA5B2-1389-4D97-9B0B-F2619C2A8133}"
EndProject
Project("{FAE04EC0-301F-11D3-BF4B-00C04F79EFBC}") = "SRP.Violacao", "src\SRP\SRP.Violacao\SRP.Violacao.csproj", "{95BF6C46-3FAD-4EA5-A183-0C486C72CF61}"
EndProject
Project("{2150E333-8FDC-42A3-9474-1A3956D46DE8}") = "2-OCP", "2-OCP", "{0F8C06D6-EC0D-4A96-8F52-8D920E7F9F7C}"
EndProject
Project("{2150E333-8FDC-42A3-9474-1A3956D46DE8}") = "2.1-Violação", "2.1-Violação", "{0101EF8C-1C5A-4638-B66F-B0BD1E331B41}"
EndProject
Project("{2150E333-8FDC-42A3-9474-1A3956D46DE8}") = "2.2-Solução", "2.2-Solução", "{1784B43F-233E-4F32-89BD-8C391C6A7F43}"
EndProject
Project("{FAE04EC0-301F-11D3-BF4B-00C04F79EFBC}") = "SRP.Solucao", "src\SRP\SRP.Solucao\SRP.Solucao.csproj", "{5F2C842C-9B21-46A0-9A2F-1FF0598EF1B5}"
EndProject
Project("{FAE04EC0-301F-11D3-BF4B-00C04F79EFBC}") = "OCP.Violacao", "src\OCP\OCP.Violacao\OCP.Violacao.csproj", "{9F9B0226-B1DC-4B3F-9667-2291DF8EEE4C}"
EndProject
Project("{FAE04EC0-301F-11D3-BF4B-00C04F79EFBC}") = "OCP.Solucao", "src\OCP\OCP.Solucao\OCP.Solucao.csproj", "{BD8AF9DB-D593-4D89-A152-F0D4163F571B}"
EndProject
Project("{2150E333-8FDC-42A3-9474-1A3956D46DE8}") = "3-LSP", "3-LSP", "{1AD9F97C-CC9D-4D74-BA5A-013AB5193208}"
EndProject
Project("{2150E333-8FDC-42A3-9474-1A3956D46DE8}") = "3.1-Violacao", "3.1-Violacao", "{E7600ADA-4163-4BAC-8521-606906B919F9}"
EndProject
Project("{FAE04EC0-301F-11D3-BF4B-00C04F79EFBC}") = "LSP.Violacao", "src\LSP\LSP.Violacao\LSP.Violacao.csproj", "{B4730928-91BA-4D9C-8C1C-83DE1DE37320}"
EndProject
Project("{2150E333-8FDC-42A3-9474-1A3956D46DE8}") = "3.2-Solução", "3.2-Solução", "{FABB3B2C-CAA8-4D10-8087-835756B77FE0}"
EndProject
Project("{FAE04EC0-301F-11D3-BF4B-00C04F79EFBC}") = "LSP.Solucao", "src\LSP\LSP.Solucao\LSP.Solucao.csproj", "{60E705E5-6BE1-430B-915E-97668D6B37B4}"
EndProject
Project("{2150E333-8FDC-42A3-9474-1A3956D46DE8}") = "4-ISP", "4-ISP", "{544E7792-A091-495F-A39B-F86FA7D3A910}"
EndProject
Project("{2150E333-8FDC-42A3-9474-1A3956D46DE8}") = "4.1-Violação", "4.1-Violação", "{254B6976-3848-473E-BB03-FABC3C840BFD}"
EndProject
Project("{2150E333-8FDC-42A3-9474-1A3956D46DE8}") = "4.2-Solução", "4.2-Solução", "{E3A124E8-9A9C-4122-9C92-CC7A3CFAE906}"
EndProject
Project("{FAE04EC0-301F-11D3-BF4B-00C04F79EFBC}") = "ISP.Violacao", "src\ISP\ISP.Violacao\ISP.Violacao.csproj", "{7D08CD45-30D8-4512-AC0E-98FFD173FA9A}"
EndProject
Project("{FAE04EC0-301F-11D3-BF4B-00C04F79EFBC}") = "ISP.Solucao", "src\ISP\ISP.Solucao\ISP.Solucao.csproj", "{336EFB75-0D57-4842-A88E-AE19CCB98EF3}"
EndProject
Project("{2150E333-8FDC-42A3-9474-1A3956D46DE8}") = "5-DIP", "5-DIP", "{FC591CE3-0328-436A-B8C7-50690D4F649B}"
EndProject
Project("{2150E333-8FDC-42A3-9474-1A3956D46DE8}") = "5.1", "5.1", "{E94C9C1B-7247-41B9-B7EC-A1EF36A988B2}"
EndProject
Project("{2150E333-8FDC-42A3-9474-1A3956D46DE8}") = "5.2", "5.2", "{214E1F97-5CE7-4715-B5EF-60A4008EC47B}"
EndProject
Project("{FAE04EC0-301F-11D3-BF4B-00C04F79EFBC}") = "DIP.Violacao", "src\DIP\DIP.Violacao\DIP.Violacao.csproj", "{1C7056DF-7BD0-4AFD-94BF-196B6ECB42B0}"
EndProject
Project("{FAE04EC0-301F-11D3-BF4B-00C04F79EFBC}") = "DIP.Solucao", "src\DIP\DIP.Solucao\DIP.Solucao.csproj", "{75367324-089A-41E3-8F7E-69A14A3A6BB8}"
EndProject
Global
	GlobalSection(SolutionConfigurationPlatforms) = preSolution
		Debug|Any CPU = Debug|Any CPU
		Release|Any CPU = Release|Any CPU
	EndGlobalSection
	GlobalSection(ProjectConfigurationPlatforms) = postSolution
		{95BF6C46-3FAD-4EA5-A183-0C486C72CF61}.Debug|Any CPU.ActiveCfg = Debug|Any CPU
		{95BF6C46-3FAD-4EA5-A183-0C486C72CF61}.Debug|Any CPU.Build.0 = Debug|Any CPU
		{95BF6C46-3FAD-4EA5-A183-0C486C72CF61}.Release|Any CPU.ActiveCfg = Release|Any CPU
		{95BF6C46-3FAD-4EA5-A183-0C486C72CF61}.Release|Any CPU.Build.0 = Release|Any CPU
		{5F2C842C-9B21-46A0-9A2F-1FF0598EF1B5}.Debug|Any CPU.ActiveCfg = Debug|Any CPU
		{5F2C842C-9B21-46A0-9A2F-1FF0598EF1B5}.Debug|Any CPU.Build.0 = Debug|Any CPU
		{5F2C842C-9B21-46A0-9A2F-1FF0598EF1B5}.Release|Any CPU.ActiveCfg = Release|Any CPU
		{5F2C842C-9B21-46A0-9A2F-1FF0598EF1B5}.Release|Any CPU.Build.0 = Release|Any CPU
		{9F9B0226-B1DC-4B3F-9667-2291DF8EEE4C}.Debug|Any CPU.ActiveCfg = Debug|Any CPU
		{9F9B0226-B1DC-4B3F-9667-2291DF8EEE4C}.Debug|Any CPU.Build.0 = Debug|Any CPU
		{9F9B0226-B1DC-4B3F-9667-2291DF8EEE4C}.Release|Any CPU.ActiveCfg = Release|Any CPU
		{9F9B0226-B1DC-4B3F-9667-2291DF8EEE4C}.Release|Any CPU.Build.0 = Release|Any CPU
		{BD8AF9DB-D593-4D89-A152-F0D4163F571B}.Debug|Any CPU.ActiveCfg = Debug|Any CPU
		{BD8AF9DB-D593-4D89-A152-F0D4163F571B}.Debug|Any CPU.Build.0 = Debug|Any CPU
		{BD8AF9DB-D593-4D89-A152-F0D4163F571B}.Release|Any CPU.ActiveCfg = Release|Any CPU
		{BD8AF9DB-D593-4D89-A152-F0D4163F571B}.Release|Any CPU.Build.0 = Release|Any CPU
		{B4730928-91BA-4D9C-8C1C-83DE1DE37320}.Debug|Any CPU.ActiveCfg = Debug|Any CPU
		{B4730928-91BA-4D9C-8C1C-83DE1DE37320}.Debug|Any CPU.Build.0 = Debug|Any CPU
		{B4730928-91BA-4D9C-8C1C-83DE1DE37320}.Release|Any CPU.ActiveCfg = Release|Any CPU
		{B4730928-91BA-4D9C-8C1C-83DE1DE37320}.Release|Any CPU.Build.0 = Release|Any CPU
		{60E705E5-6BE1-430B-915E-97668D6B37B4}.Debug|Any CPU.ActiveCfg = Debug|Any CPU
		{60E705E5-6BE1-430B-915E-97668D6B37B4}.Debug|Any CPU.Build.0 = Debug|Any CPU
		{60E705E5-6BE1-430B-915E-97668D6B37B4}.Release|Any CPU.ActiveCfg = Release|Any CPU
		{60E705E5-6BE1-430B-915E-97668D6B37B4}.Release|Any CPU.Build.0 = Release|Any CPU
		{7D08CD45-30D8-4512-AC0E-98FFD173FA9A}.Debug|Any CPU.ActiveCfg = Debug|Any CPU
		{7D08CD45-30D8-4512-AC0E-98FFD173FA9A}.Debug|Any CPU.Build.0 = Debug|Any CPU
		{7D08CD45-30D8-4512-AC0E-98FFD173FA9A}.Release|Any CPU.ActiveCfg = Release|Any CPU
		{7D08CD45-30D8-4512-AC0E-98FFD173FA9A}.Release|Any CPU.Build.0 = Release|Any CPU
		{336EFB75-0D57-4842-A88E-AE19CCB98EF3}.Debug|Any CPU.ActiveCfg = Debug|Any CPU
		{336EFB75-0D57-4842-A88E-AE19CCB98EF3}.Debug|Any CPU.Build.0 = Debug|Any CPU
		{336EFB75-0D57-4842-A88E-AE19CCB98EF3}.Release|Any CPU.ActiveCfg = Release|Any CPU
		{336EFB75-0D57-4842-A88E-AE19CCB98EF3}.Release|Any CPU.Build.0 = Release|Any CPU
		{1C7056DF-7BD0-4AFD-94BF-196B6ECB42B0}.Debug|Any CPU.ActiveCfg = Debug|Any CPU
		{1C7056DF-7BD0-4AFD-94BF-196B6ECB42B0}.Debug|Any CPU.Build.0 = Debug|Any CPU
		{1C7056DF-7BD0-4AFD-94BF-196B6ECB42B0}.Release|Any CPU.ActiveCfg = Release|Any CPU
		{1C7056DF-7BD0-4AFD-94BF-196B6ECB42B0}.Release|Any CPU.Build.0 = Release|Any CPU
		{75367324-089A-41E3-8F7E-69A14A3A6BB8}.Debug|Any CPU.ActiveCfg = Debug|Any CPU
		{75367324-089A-41E3-8F7E-69A14A3A6BB8}.Debug|Any CPU.Build.0 = Debug|Any CPU
		{75367324-089A-41E3-8F7E-69A14A3A6BB8}.Release|Any CPU.ActiveCfg = Release|Any CPU
		{75367324-089A-41E3-8F7E-69A14A3A6BB8}.Release|Any CPU.Build.0 = Release|Any CPU
	EndGlobalSection
	GlobalSection(SolutionProperties) = preSolution
		HideSolutionNode = FALSE
	EndGlobalSection
	GlobalSection(NestedProjects) = preSolution
		{58F5BE07-0FA1-4936-91F5-122CC153FB0B} = {5677DCF9-2F20-4918-8D6D-3AD1ADFDCF96}
		{91FBA5B2-1389-4D97-9B0B-F2619C2A8133} = {5677DCF9-2F20-4918-8D6D-3AD1ADFDCF96}
		{95BF6C46-3FAD-4EA5-A183-0C486C72CF61} = {58F5BE07-0FA1-4936-91F5-122CC153FB0B}
		{0101EF8C-1C5A-4638-B66F-B0BD1E331B41} = {0F8C06D6-EC0D-4A96-8F52-8D920E7F9F7C}
		{1784B43F-233E-4F32-89BD-8C391C6A7F43} = {0F8C06D6-EC0D-4A96-8F52-8D920E7F9F7C}
		{5F2C842C-9B21-46A0-9A2F-1FF0598EF1B5} = {91FBA5B2-1389-4D97-9B0B-F2619C2A8133}
		{9F9B0226-B1DC-4B3F-9667-2291DF8EEE4C} = {0101EF8C-1C5A-4638-B66F-B0BD1E331B41}
		{BD8AF9DB-D593-4D89-A152-F0D4163F571B} = {1784B43F-233E-4F32-89BD-8C391C6A7F43}
		{E7600ADA-4163-4BAC-8521-606906B919F9} = {1AD9F97C-CC9D-4D74-BA5A-013AB5193208}
		{B4730928-91BA-4D9C-8C1C-83DE1DE37320} = {E7600ADA-4163-4BAC-8521-606906B919F9}
		{FABB3B2C-CAA8-4D10-8087-835756B77FE0} = {1AD9F97C-CC9D-4D74-BA5A-013AB5193208}
		{60E705E5-6BE1-430B-915E-97668D6B37B4} = {FABB3B2C-CAA8-4D10-8087-835756B77FE0}
		{254B6976-3848-473E-BB03-FABC3C840BFD} = {544E7792-A091-495F-A39B-F86FA7D3A910}
		{E3A124E8-9A9C-4122-9C92-CC7A3CFAE906} = {544E7792-A091-495F-A39B-F86FA7D3A910}
		{7D08CD45-30D8-4512-AC0E-98FFD173FA9A} = {254B6976-3848-473E-BB03-FABC3C840BFD}
		{336EFB75-0D57-4842-A88E-AE19CCB98EF3} = {E3A124E8-9A9C-4122-9C92-CC7A3CFAE906}
		{E94C9C1B-7247-41B9-B7EC-A1EF36A988B2} = {FC591CE3-0328-436A-B8C7-50690D4F649B}
		{214E1F97-5CE7-4715-B5EF-60A4008EC47B} = {FC591CE3-0328-436A-B8C7-50690D4F649B}
		{1C7056DF-7BD0-4AFD-94BF-196B6ECB42B0} = {E94C9C1B-7247-41B9-B7EC-A1EF36A988B2}
		{75367324-089A-41E3-8F7E-69A14A3A6BB8} = {214E1F97-5CE7-4715-B5EF-60A4008EC47B}
	EndGlobalSection
EndGlobal
